// !$*UTF8*$!
{
	archiveVersion = 1;
	classes = {
	};
	objectVersion = 77;
	objects = {

/* Begin PBXBuildFile section */
		017A83D333DD09083C8EDD27 /* AppIconBadge.swift in Sources */ = {isa = PBXBuildFile; fileRef = 5FE37CABED896291520FB8EB /* AppIconBadge.swift */; };
		02AB06D4060EB7689B7A479D /* RobustnessTests.swift in Sources */ = {isa = PBXBuildFile; fileRef = 8895CB3BACA967062F27A4B1 /* RobustnessTests.swift */; };
		115949E51A119EB5FC077C2B /* Config.swift in Sources */ = {isa = PBXBuildFile; fileRef = 0F31FFBE3C2AF6AC4E9573AF /* Config.swift */; };
		1379AF56C15CDD90134180AD /* EfficiencyTests.swift in Sources */ = {isa = PBXBuildFile; fileRef = CD200E4118B69C27C6ACFF66 /* EfficiencyTests.swift */; };
		15F18C229082CD2FB7434859 /* BeginnerHintView.swift in Sources */ = {isa = PBXBuildFile; fileRef = 153FF51EDC8FCECE2616F96E /* BeginnerHintView.swift */; };
		168DD0AEC579C49AFCA27A1E /* InlineAdBanner.swift in Sources */ = {isa = PBXBuildFile; fileRef = 8FDD4CD355D75585FDEE5295 /* InlineAdBanner.swift */; };
		175929FB15A49EA91AE70F77 /* E1card.swift in Sources */ = {isa = PBXBuildFile; fileRef = 4482D69C1DA750651B62429D /* E1card.swift */; };
		18C3F77C032A4F878874896A /* TagEditView.swift in Sources */ = {isa = PBXBuildFile; fileRef = 2B269CB3C585AFDC4DA71056 /* TagEditView.swift */; };
		197532E37B0BC4594D7FB1A7 /* RecordListView.swift in Sources */ = {isa = PBXBuildFile; fileRef = DF745C1BEF4D1C4EEAE12F2C /* RecordListView.swift */; };
		1CFD6E20E4F7E6463AD27B34 /* BankListView.swift in Sources */ = {isa = PBXBuildFile; fileRef = 38252B47BFCE679ACFEF75B9 /* BankListView.swift */; };
		1D5D4B001867ECF9E4AD88F8 /* Decimal+Rounding.swift in Sources */ = {isa = PBXBuildFile; fileRef = 01B3F7E694D7E8D501DF3373 /* Decimal+Rounding.swift */; };
		2323CBFF55A3E7B5E292BA21 /* DeleteConfirmationDialog.swift in Sources */ = {isa = PBXBuildFile; fileRef = D3C07E97473C540F8332E99C /* DeleteConfirmationDialog.swift */; };
		25422DB9D54BFAFA89B8A228 /* AppModelContainerFactory.swift in Sources */ = {isa = PBXBuildFile; fileRef = 4279F3D063EAE2F478A21E30 /* AppModelContainerFactory.swift */; };
		2CEAD5775CCE1CC67DDA29A4 /* VoiceAliasStore.swift in Sources */ = {isa = PBXBuildFile; fileRef = 70FC5B0D17B0797544470BF3 /* VoiceAliasStore.swift */; };
		2F928C471CA14771E557763A /* CreditMemoTests.swift in Sources */ = {isa = PBXBuildFile; fileRef = 3553813CA37743BC2FFA0EA2 /* CreditMemoTests.swift */; };
		31184421B4308E7DC6E782F4 /* SpeechRecognizer.swift in Sources */ = {isa = PBXBuildFile; fileRef = 45FD60D0935D72F339EF9D01 /* SpeechRecognizer.swift */; };
		32E3D613D2F1FF39A04FE068 /* E6part.swift in Sources */ = {isa = PBXBuildFile; fileRef = D20B695C15EBA3F55E1A8ADD /* E6part.swift */; };
		3A94A0D1393BEDF79B6D17C4 /* CardEditView.swift in Sources */ = {isa = PBXBuildFile; fileRef = 210A57F3FC6A8D3E5DC7D57F /* CardEditView.swift */; };
		4393D3D380B4730E57BCCE28 /* CardInvoiceListView.swift in Sources */ = {isa = PBXBuildFile; fileRef = 8E29C0FEC796073B0464861C /* CardInvoiceListView.swift */; };
		4532AF95BE4A47E867CE516D /* BillingService.swift in Sources */ = {isa = PBXBuildFile; fileRef = 4DD6EAEA18D767489D665119 /* BillingService.swift */; };
		4D6DC7B47BCF6767F32D73E8 /* DatabaseErrorView.swift in Sources */ = {isa = PBXBuildFile; fileRef = CFF683BC004CBBE9C7F926E1 /* DatabaseErrorView.swift */; };
		514C30B02763B8BE3E152939 /* BankService.swift in Sources */ = {isa = PBXBuildFile; fileRef = B616AD7BE55B29AF478E7561 /* BankService.swift */; };
		5ABFD4125BF10DFB36E15FD5 /* CardListView.swift in Sources */ = {isa = PBXBuildFile; fileRef = 387C9119326A557E0FB677C4 /* CardListView.swift */; };
		60002A5160D1170F294F63D0 /* BadgeTheme.swift in Sources */ = {isa = PBXBuildFile; fileRef = 1DA286F2C7B10995E187EFA3 /* BadgeTheme.swift */; };
		62FB81E4E5AD62FB3391CBE8 /* PrivacyInfo.xcprivacy in Resources */ = {isa = PBXBuildFile; fileRef = 1B71572A88294C63D7A11A9B /* PrivacyInfo.xcprivacy */; };
		686327082DD6668EAB63B656 /* CreditMemoUITests.swift in Sources */ = {isa = PBXBuildFile; fileRef = 133E0C4CBAC9BFEDE5100A9B /* CreditMemoUITests.swift */; };
		688E5308869B66024C5B269E /* SplitPayListView.swift in Sources */ = {isa = PBXBuildFile; fileRef = C1EC73DA35378F10AD112E8D /* SplitPayListView.swift */; };
		6AEF2FECDB743E7E193152D5 /* BankServiceTests.swift in Sources */ = {isa = PBXBuildFile; fileRef = F498D50B45D6B41AE4DCFEFE /* BankServiceTests.swift */; };
		706E1FF4B34983748DA77BF0 /* TestStore.swift in Sources */ = {isa = PBXBuildFile; fileRef = 8574C59269C2D9481FB34C03 /* TestStore.swift */; };
		72B84902522A0C132F43DC6B /* GoogleService-Info.plist in Resources */ = {isa = PBXBuildFile; fileRef = 6E07242C077E7E3F4A5A6DC1 /* GoogleService-Info.plist */; };
		78C2E0705216F23800622B59 /* Log.swift in Sources */ = {isa = PBXBuildFile; fileRef = 49BE39FD14A6A091483BBCE1 /* Log.swift */; };
		7B0A7F72AB3BF4E6512ABD17 /* TagListView.swift in Sources */ = {isa = PBXBuildFile; fileRef = 1E71F0C785033CF38A844ABF /* TagListView.swift */; };
		7D07E95B78B2085487FE8497 /* AppTelemetry.swift in Sources */ = {isa = PBXBuildFile; fileRef = 9044A25C74B795659D5ADC7C /* AppTelemetry.swift */; };
		80D279BFCB634C1151B52D50 /* RecordService.swift in Sources */ = {isa = PBXBuildFile; fileRef = 39680E79E78962E42EC48964 /* RecordService.swift */; };
		8B0A29D4F513B9C017942767 /* Localizable.xcstrings in Resources */ = {isa = PBXBuildFile; fileRef = 602A03CE241526FB5DD4ACEE /* Localizable.xcstrings */; };
		8B189EB1DD4E837FBC274875 /* E3record.swift in Sources */ = {isa = PBXBuildFile; fileRef = 67ABE54EC8466228BE4DE70A /* E3record.swift */; };
		902C42C086CA9363E507DFF9 /* MemoEditor.swift in Sources */ = {isa = PBXBuildFile; fileRef = EAA49602802C85CF0694C252 /* MemoEditor.swift */; };
		90A8E4256261EC97285DCEFF /* AppMain.swift in Sources */ = {isa = PBXBuildFile; fileRef = 78E99204D83195521118BC88 /* AppMain.swift */; };
		93F9E0ADD51546AD4E3C6DFC /* DisplayBadgeColorSheet.swift in Sources */ = {isa = PBXBuildFile; fileRef = 492CE3FDB97CAB6B5ECFF518 /* DisplayBadgeColorSheet.swift */; };
		94062571E16B89E6999B12C3 /* Assets.xcassets in Resources */ = {isa = PBXBuildFile; fileRef = 7F35C17C97FDF2FF8C34B724 /* Assets.xcassets */; };
		944D5868F5F201541219F824 /* FirebaseAnalytics in Frameworks */ = {isa = PBXBuildFile; productRef = 5FB5387FBCDAB409520EDE10 /* FirebaseAnalytics */; };
		97A5729E478A00F67C9EA78F /* ContentView.swift in Sources */ = {isa = PBXBuildFile; fileRef = 1935E6D280054C63A707C90D /* ContentView.swift */; };
		9A7D38A16B4760CFA5A9F4EE /* VoiceInputParser.swift in Sources */ = {isa = PBXBuildFile; fileRef = 58EF66A3C5B978615B8A82C5 /* VoiceInputParser.swift */; };
		9A98D920B110ECA3DA6A85BE /* InfoPlist.strings in Resources */ = {isa = PBXBuildFile; fileRef = BA66C838013D04C691024321 /* InfoPlist.strings */; };
		9E4800A2A5B4E61ECD3844B4 /* AboutView.swift in Sources */ = {isa = PBXBuildFile; fileRef = E82EA1E06EBE54AF30FD2DC5 /* AboutView.swift */; };
		A2C6C4471B13CA1FFEA16582 /* JSONImport.swift in Sources */ = {isa = PBXBuildFile; fileRef = 407D0BA345D635E38B397924 /* JSONImport.swift */; };
		AA30126A233F09D158C2365E /* StackedDateView.swift in Sources */ = {isa = PBXBuildFile; fileRef = F48F8A016BBBC86AC36E7B1D /* StackedDateView.swift */; };
		AC663E8AEC4A54D0066A1A65 /* E5tag.swift in Sources */ = {isa = PBXBuildFile; fileRef = 4C00CCDC4223E9CDC40366B8 /* E5tag.swift */; };
		ADBDCC132EEDEE2C5D666790 /* CardServiceTests.swift in Sources */ = {isa = PBXBuildFile; fileRef = C88CDBC613768DE5DDC3EA8E /* CardServiceTests.swift */; };
		AFDE60DFFA13542F7986A918 /* FirebaseCore in Frameworks */ = {isa = PBXBuildFile; productRef = D851E8C28923655FADFF542E /* FirebaseCore */; };
		B28D4A65D34271280626AE5E /* VoiceInputSheet.swift in Sources */ = {isa = PBXBuildFile; fileRef = 0F4438EF65854BFAEDCDC001 /* VoiceInputSheet.swift */; };
		B6BAE760C68C7B5B027B6C6E /* SeedData.swift in Sources */ = {isa = PBXBuildFile; fileRef = 237756290C4AEA260941E33C /* SeedData.swift */; };
		B75EEE3CAEB7AB78F2CB5681 /* MigratingFromCoreData.swift in Sources */ = {isa = PBXBuildFile; fileRef = D127ACB4C390D17DB98D1E2F /* MigratingFromCoreData.swift */; };
		BC76FD63B00A75AE72C028BB /* JSONExport.swift in Sources */ = {isa = PBXBuildFile; fileRef = 4D32984FA64D225EB42CC1A4 /* JSONExport.swift */; };
		C3196B1E74525FBA26098A1C /* View+ScalableTitle.swift in Sources */ = {isa = PBXBuildFile; fileRef = CAF54A44CEADADFC65FDBAD3 /* View+ScalableTitle.swift */; };
		C39F94DC2FEA974000873586 /* TestEnvironment.swift in Sources */ = {isa = PBXBuildFile; fileRef = C39F94DB2FEA974000873586 /* TestEnvironment.swift */; };
		C3B88D7C752156C24F085A6E /* EditShortcutCapsuleButton.swift in Sources */ = {isa = PBXBuildFile; fileRef = 2B5525175B4413CA409A0F10 /* EditShortcutCapsuleButton.swift */; };
		C3ECE81CD3F9F2D58DE2CC00 /* GoogleMobileAds in Frameworks */ = {isa = PBXBuildFile; productRef = 89E194455AE3BC909B357E64 /* GoogleMobileAds */; };
		C57ADA9A2E61C90333FC31CF /* JapaneseHoliday.swift in Sources */ = {isa = PBXBuildFile; fileRef = 066A1D4A637608B10B9ACE11 /* JapaneseHoliday.swift */; };
		C58ECF80C7B49E11A258D0F1 /* E8bank.swift in Sources */ = {isa = PBXBuildFile; fileRef = B3D0DA9E8CA885EBFC0C4D17 /* E8bank.swift */; };
		C67472FB132A9A7D1B368742 /* TestFixtures.swift in Sources */ = {isa = PBXBuildFile; fileRef = 92285F000E6AEFF8979BCA79 /* TestFixtures.swift */; };
		CB347119418DF6214DF72D89 /* CreditMemoAppShortcuts.swift in Sources */ = {isa = PBXBuildFile; fileRef = 29E33C50E178E8D7E1F4833C /* CreditMemoAppShortcuts.swift */; };
		CBCAE2CD6CA8CA94D630AE2D /* DataIntegrityTests.swift in Sources */ = {isa = PBXBuildFile; fileRef = 431B54A6565A934B9B9B82ED /* DataIntegrityTests.swift */; };
		D20DBAA51AF6B3F7BAB4C23B /* E7payment.swift in Sources */ = {isa = PBXBuildFile; fileRef = 76D21F17706F376DFE84542C /* E7payment.swift */; };
		D3FACDAE4302014FB7AEB7F2 /* InvoiceListView.swift in Sources */ = {isa = PBXBuildFile; fileRef = 8EB273959666B4C22DBD5D42 /* InvoiceListView.swift */; };
		D8E2B639AC10635DDF19B901 /* JSONRoundTripTests.swift in Sources */ = {isa = PBXBuildFile; fileRef = ECCD2D0A2970772B20DB0914 /* JSONRoundTripTests.swift */; };
		DAEFEE0ED3BBCD55A3A32AA5 /* SettingsView.swift in Sources */ = {isa = PBXBuildFile; fileRef = 1E89A981AB58003103783479 /* SettingsView.swift */; };
		DD4A2D78F99EDE62A029CBAD /* AppSettings.swift in Sources */ = {isa = PBXBuildFile; fileRef = 09BFB4B8AABE675A9B5E6437 /* AppSettings.swift */; };
		DD768D8964C9375078442DCC /* TopMenuView.swift in Sources */ = {isa = PBXBuildFile; fileRef = 7E6A944447240090650C9389 /* TopMenuView.swift */; };
		E00015D7A0D0BD4FF41F1C71 /* E2invoice.swift in Sources */ = {isa = PBXBuildFile; fileRef = 4386E243FDA2F0FDB8480896 /* E2invoice.swift */; };
		E2395D8FE4611E44D282731C /* BankEditView.swift in Sources */ = {isa = PBXBuildFile; fileRef = 2F2D20566B6B6A969C9A7005 /* BankEditView.swift */; };
		E68DAEB05C008A11D412E30C /* View+TextTrimming.swift in Sources */ = {isa = PBXBuildFile; fileRef = 3C053BDC87890D906BAADAF2 /* View+TextTrimming.swift */; };
		E8E0D6B0E3F5274B2A4180D5 /* RecordEditView.swift in Sources */ = {isa = PBXBuildFile; fileRef = 23C545A0AA68DFAEA4F19707 /* RecordEditView.swift */; };
		EC7B11911F3CD1B4A50543B2 /* NumericKeypadView.swift in Sources */ = {isa = PBXBuildFile; fileRef = B3B327395C4A25F4B6CD7887 /* NumericKeypadView.swift */; };
		EF6B7ECED42F1514A7B8A859 /* AZPicker.swift in Sources */ = {isa = PBXBuildFile; fileRef = CA178EA89015430E9475246A /* AZPicker.swift */; };
		F28F1CA1ADB2AA1EDF09E5C3 /* AppIconSync.swift in Sources */ = {isa = PBXBuildFile; fileRef = 47366704A20E38D94F226911 /* AppIconSync.swift */; };
		FB7BA447A10C45AE80CA3130 /* PaymentListView.swift in Sources */ = {isa = PBXBuildFile; fileRef = 0CEE181027B6CB737447AA76 /* PaymentListView.swift */; };
		FD5A531276F43BC69938EB01 /* CardService.swift in Sources */ = {isa = PBXBuildFile; fileRef = 72788E5488290A29CA71090E /* CardService.swift */; };
		FD61AB6027E2F30B34DC8C9C /* JapaneseNumberParser.swift in Sources */ = {isa = PBXBuildFile; fileRef = 6C1C635AC11E4524E3AD89F6 /* JapaneseNumberParser.swift */; };
		FFEE3A7F76E38C68D5244BB4 /* FirebaseCrashlytics in Frameworks */ = {isa = PBXBuildFile; productRef = 32A6FB07760538C5D387A315 /* FirebaseCrashlytics */; };
/* End PBXBuildFile section */

/* Begin PBXContainerItemProxy section */
		BC302AA3BA245068C811CAAE /* PBXContainerItemProxy */ = {
			isa = PBXContainerItemProxy;
			containerPortal = AEA864EDA9E7AA65234684AC /* Project object */;
			proxyType = 1;
			remoteGlobalIDString = 476BF29E563FFF97615D6381;
			remoteInfo = CreditMemo;
		};
		D1845CD60E19D08FE40660D9 /* PBXContainerItemProxy */ = {
			isa = PBXContainerItemProxy;
			containerPortal = AEA864EDA9E7AA65234684AC /* Project object */;
			proxyType = 1;
			remoteGlobalIDString = 476BF29E563FFF97615D6381;
			remoteInfo = CreditMemo;
		};
/* End PBXContainerItemProxy section */

/* Begin PBXFileReference section */
		01B3F7E694D7E8D501DF3373 /* Decimal+Rounding.swift */ = {isa = PBXFileReference; lastKnownFileType = sourcecode.swift; path = "Decimal+Rounding.swift"; sourceTree = "<group>"; };
		066A1D4A637608B10B9ACE11 /* JapaneseHoliday.swift */ = {isa = PBXFileReference; lastKnownFileType = sourcecode.swift; path = JapaneseHoliday.swift; sourceTree = "<group>"; };
		09BFB4B8AABE675A9B5E6437 /* AppSettings.swift */ = {isa = PBXFileReference; lastKnownFileType = sourcecode.swift; path = AppSettings.swift; sourceTree = "<group>"; };
		0CEE181027B6CB737447AA76 /* PaymentListView.swift */ = {isa = PBXFileReference; lastKnownFileType = sourcecode.swift; path = PaymentListView.swift; sourceTree = "<group>"; };
		0F31FFBE3C2AF6AC4E9573AF /* Config.swift */ = {isa = PBXFileReference; lastKnownFileType = sourcecode.swift; path = Config.swift; sourceTree = "<group>"; };
		0F4438EF65854BFAEDCDC001 /* VoiceInputSheet.swift */ = {isa = PBXFileReference; lastKnownFileType = sourcecode.swift; path = VoiceInputSheet.swift; sourceTree = "<group>"; };
		133E0C4CBAC9BFEDE5100A9B /* CreditMemoUITests.swift */ = {isa = PBXFileReference; lastKnownFileType = sourcecode.swift; path = CreditMemoUITests.swift; sourceTree = "<group>"; };
		153FF51EDC8FCECE2616F96E /* BeginnerHintView.swift */ = {isa = PBXFileReference; lastKnownFileType = sourcecode.swift; path = BeginnerHintView.swift; sourceTree = "<group>"; };
		1935E6D280054C63A707C90D /* ContentView.swift */ = {isa = PBXFileReference; lastKnownFileType = sourcecode.swift; path = ContentView.swift; sourceTree = "<group>"; };
		1B71572A88294C63D7A11A9B /* PrivacyInfo.xcprivacy */ = {isa = PBXFileReference; lastKnownFileType = text.xml; path = PrivacyInfo.xcprivacy; sourceTree = "<group>"; };
		1DA286F2C7B10995E187EFA3 /* BadgeTheme.swift */ = {isa = PBXFileReference; lastKnownFileType = sourcecode.swift; path = BadgeTheme.swift; sourceTree = "<group>"; };
		1E71F0C785033CF38A844ABF /* TagListView.swift */ = {isa = PBXFileReference; lastKnownFileType = sourcecode.swift; path = TagListView.swift; sourceTree = "<group>"; };
		1E89A981AB58003103783479 /* SettingsView.swift */ = {isa = PBXFileReference; lastKnownFileType = sourcecode.swift; path = SettingsView.swift; sourceTree = "<group>"; };
		210A57F3FC6A8D3E5DC7D57F /* CardEditView.swift */ = {isa = PBXFileReference; lastKnownFileType = sourcecode.swift; path = CardEditView.swift; sourceTree = "<group>"; };
		237756290C4AEA260941E33C /* SeedData.swift */ = {isa = PBXFileReference; lastKnownFileType = sourcecode.swift; path = SeedData.swift; sourceTree = "<group>"; };
		23C545A0AA68DFAEA4F19707 /* RecordEditView.swift */ = {isa = PBXFileReference; lastKnownFileType = sourcecode.swift; path = RecordEditView.swift; sourceTree = "<group>"; };
		29E33C50E178E8D7E1F4833C /* CreditMemoAppShortcuts.swift */ = {isa = PBXFileReference; lastKnownFileType = sourcecode.swift; path = CreditMemoAppShortcuts.swift; sourceTree = "<group>"; };
		2B269CB3C585AFDC4DA71056 /* TagEditView.swift */ = {isa = PBXFileReference; lastKnownFileType = sourcecode.swift; path = TagEditView.swift; sourceTree = "<group>"; };
		2B5525175B4413CA409A0F10 /* EditShortcutCapsuleButton.swift */ = {isa = PBXFileReference; lastKnownFileType = sourcecode.swift; path = EditShortcutCapsuleButton.swift; sourceTree = "<group>"; };
		2F2D20566B6B6A969C9A7005 /* BankEditView.swift */ = {isa = PBXFileReference; lastKnownFileType = sourcecode.swift; path = BankEditView.swift; sourceTree = "<group>"; };
		3553813CA37743BC2FFA0EA2 /* CreditMemoTests.swift */ = {isa = PBXFileReference; lastKnownFileType = sourcecode.swift; path = CreditMemoTests.swift; sourceTree = "<group>"; };
		38252B47BFCE679ACFEF75B9 /* BankListView.swift */ = {isa = PBXFileReference; lastKnownFileType = sourcecode.swift; path = BankListView.swift; sourceTree = "<group>"; };
		387C9119326A557E0FB677C4 /* CardListView.swift */ = {isa = PBXFileReference; lastKnownFileType = sourcecode.swift; path = CardListView.swift; sourceTree = "<group>"; };
		39680E79E78962E42EC48964 /* RecordService.swift */ = {isa = PBXFileReference; lastKnownFileType = sourcecode.swift; path = RecordService.swift; sourceTree = "<group>"; };
		3C053BDC87890D906BAADAF2 /* View+TextTrimming.swift */ = {isa = PBXFileReference; lastKnownFileType = sourcecode.swift; path = "View+TextTrimming.swift"; sourceTree = "<group>"; };
		407D0BA345D635E38B397924 /* JSONImport.swift */ = {isa = PBXFileReference; lastKnownFileType = sourcecode.swift; path = JSONImport.swift; sourceTree = "<group>"; };
		4279F3D063EAE2F478A21E30 /* AppModelContainerFactory.swift */ = {isa = PBXFileReference; lastKnownFileType = sourcecode.swift; path = AppModelContainerFactory.swift; sourceTree = "<group>"; };
		431B54A6565A934B9B9B82ED /* DataIntegrityTests.swift */ = {isa = PBXFileReference; lastKnownFileType = sourcecode.swift; path = DataIntegrityTests.swift; sourceTree = "<group>"; };
		4386E243FDA2F0FDB8480896 /* E2invoice.swift */ = {isa = PBXFileReference; lastKnownFileType = sourcecode.swift; path = E2invoice.swift; sourceTree = "<group>"; };
		4482D69C1DA750651B62429D /* E1card.swift */ = {isa = PBXFileReference; lastKnownFileType = sourcecode.swift; path = E1card.swift; sourceTree = "<group>"; };
		45FD60D0935D72F339EF9D01 /* SpeechRecognizer.swift */ = {isa = PBXFileReference; lastKnownFileType = sourcecode.swift; path = SpeechRecognizer.swift; sourceTree = "<group>"; };
		47366704A20E38D94F226911 /* AppIconSync.swift */ = {isa = PBXFileReference; lastKnownFileType = sourcecode.swift; path = AppIconSync.swift; sourceTree = "<group>"; };
		49056290EB088E9A7E504593 /* CreditMemo.app */ = {isa = PBXFileReference; explicitFileType = wrapper.application; includeInIndex = 0; path = CreditMemo.app; sourceTree = BUILT_PRODUCTS_DIR; };
		492CE3FDB97CAB6B5ECFF518 /* DisplayBadgeColorSheet.swift */ = {isa = PBXFileReference; lastKnownFileType = sourcecode.swift; path = DisplayBadgeColorSheet.swift; sourceTree = "<group>"; };
		49BE39FD14A6A091483BBCE1 /* Log.swift */ = {isa = PBXFileReference; lastKnownFileType = sourcecode.swift; path = Log.swift; sourceTree = "<group>"; };
		4B1CBBA89C1E97AD2D0E61F7 /* en */ = {isa = PBXFileReference; lastKnownFileType = text.plist.strings; name = en; path = en.lproj/InfoPlist.strings; sourceTree = "<group>"; };
		4C00CCDC4223E9CDC40366B8 /* E5tag.swift */ = {isa = PBXFileReference; lastKnownFileType = sourcecode.swift; path = E5tag.swift; sourceTree = "<group>"; };
		4D32984FA64D225EB42CC1A4 /* JSONExport.swift */ = {isa = PBXFileReference; lastKnownFileType = sourcecode.swift; path = JSONExport.swift; sourceTree = "<group>"; };
		4DD6EAEA18D767489D665119 /* BillingService.swift */ = {isa = PBXFileReference; lastKnownFileType = sourcecode.swift; path = BillingService.swift; sourceTree = "<group>"; };
		57D1FC514A6A4F681C9A78C4 /* CreditMemoUITests.xctest */ = {isa = PBXFileReference; includeInIndex = 0; lastKnownFileType = wrapper.cfbundle; path = CreditMemoUITests.xctest; sourceTree = BUILT_PRODUCTS_DIR; };
		58EF66A3C5B978615B8A82C5 /* VoiceInputParser.swift */ = {isa = PBXFileReference; lastKnownFileType = sourcecode.swift; path = VoiceInputParser.swift; sourceTree = "<group>"; };
		5FE37CABED896291520FB8EB /* AppIconBadge.swift */ = {isa = PBXFileReference; lastKnownFileType = sourcecode.swift; path = AppIconBadge.swift; sourceTree = "<group>"; };
		602A03CE241526FB5DD4ACEE /* Localizable.xcstrings */ = {isa = PBXFileReference; lastKnownFileType = text.json.xcstrings; path = Localizable.xcstrings; sourceTree = "<group>"; };
		67ABE54EC8466228BE4DE70A /* E3record.swift */ = {isa = PBXFileReference; lastKnownFileType = sourcecode.swift; path = E3record.swift; sourceTree = "<group>"; };
		6C1C635AC11E4524E3AD89F6 /* JapaneseNumberParser.swift */ = {isa = PBXFileReference; lastKnownFileType = sourcecode.swift; path = JapaneseNumberParser.swift; sourceTree = "<group>"; };
		6E07242C077E7E3F4A5A6DC1 /* GoogleService-Info.plist */ = {isa = PBXFileReference; lastKnownFileType = text.plist; path = "GoogleService-Info.plist"; sourceTree = "<group>"; };
		70FC5B0D17B0797544470BF3 /* VoiceAliasStore.swift */ = {isa = PBXFileReference; lastKnownFileType = sourcecode.swift; path = VoiceAliasStore.swift; sourceTree = "<group>"; };
		72788E5488290A29CA71090E /* CardService.swift */ = {isa = PBXFileReference; lastKnownFileType = sourcecode.swift; path = CardService.swift; sourceTree = "<group>"; };
		76D21F17706F376DFE84542C /* E7payment.swift */ = {isa = PBXFileReference; lastKnownFileType = sourcecode.swift; path = E7payment.swift; sourceTree = "<group>"; };
		78E99204D83195521118BC88 /* AppMain.swift */ = {isa = PBXFileReference; lastKnownFileType = sourcecode.swift; path = AppMain.swift; sourceTree = "<group>"; };
		7E6A944447240090650C9389 /* TopMenuView.swift */ = {isa = PBXFileReference; lastKnownFileType = sourcecode.swift; path = TopMenuView.swift; sourceTree = "<group>"; };
		7F35C17C97FDF2FF8C34B724 /* Assets.xcassets */ = {isa = PBXFileReference; lastKnownFileType = folder.assetcatalog; path = Assets.xcassets; sourceTree = "<group>"; };
		8574C59269C2D9481FB34C03 /* TestStore.swift */ = {isa = PBXFileReference; lastKnownFileType = sourcecode.swift; path = TestStore.swift; sourceTree = "<group>"; };
		8895CB3BACA967062F27A4B1 /* RobustnessTests.swift */ = {isa = PBXFileReference; lastKnownFileType = sourcecode.swift; path = RobustnessTests.swift; sourceTree = "<group>"; };
		8E29C0FEC796073B0464861C /* CardInvoiceListView.swift */ = {isa = PBXFileReference; lastKnownFileType = sourcecode.swift; path = CardInvoiceListView.swift; sourceTree = "<group>"; };
		8EB273959666B4C22DBD5D42 /* InvoiceListView.swift */ = {isa = PBXFileReference; lastKnownFileType = sourcecode.swift; path = InvoiceListView.swift; sourceTree = "<group>"; };
		8FDD4CD355D75585FDEE5295 /* InlineAdBanner.swift */ = {isa = PBXFileReference; lastKnownFileType = sourcecode.swift; path = InlineAdBanner.swift; sourceTree = "<group>"; };
		9044A25C74B795659D5ADC7C /* AppTelemetry.swift */ = {isa = PBXFileReference; lastKnownFileType = sourcecode.swift; path = AppTelemetry.swift; sourceTree = "<group>"; };
		92285F000E6AEFF8979BCA79 /* TestFixtures.swift */ = {isa = PBXFileReference; lastKnownFileType = sourcecode.swift; path = TestFixtures.swift; sourceTree = "<group>"; };
		9CB143A74E1BB29E32FB73B7 /* Info.plist */ = {isa = PBXFileReference; lastKnownFileType = text.plist; path = Info.plist; sourceTree = "<group>"; };
		A937956A86C09FE8FD865854 /* CreditMemoTests.xctest */ = {isa = PBXFileReference; includeInIndex = 0; lastKnownFileType = wrapper.cfbundle; path = CreditMemoTests.xctest; sourceTree = BUILT_PRODUCTS_DIR; };
		B3B327395C4A25F4B6CD7887 /* NumericKeypadView.swift */ = {isa = PBXFileReference; lastKnownFileType = sourcecode.swift; path = NumericKeypadView.swift; sourceTree = "<group>"; };
		B3D0DA9E8CA885EBFC0C4D17 /* E8bank.swift */ = {isa = PBXFileReference; lastKnownFileType = sourcecode.swift; path = E8bank.swift; sourceTree = "<group>"; };
		B616AD7BE55B29AF478E7561 /* BankService.swift */ = {isa = PBXFileReference; lastKnownFileType = sourcecode.swift; path = BankService.swift; sourceTree = "<group>"; };
		C1EC73DA35378F10AD112E8D /* SplitPayListView.swift */ = {isa = PBXFileReference; lastKnownFileType = sourcecode.swift; path = SplitPayListView.swift; sourceTree = "<group>"; };
		C39F94DB2FEA974000873586 /* TestEnvironment.swift */ = {isa = PBXFileReference; lastKnownFileType = sourcecode.swift; path = TestEnvironment.swift; sourceTree = "<group>"; };
		C88CDBC613768DE5DDC3EA8E /* CardServiceTests.swift */ = {isa = PBXFileReference; lastKnownFileType = sourcecode.swift; path = CardServiceTests.swift; sourceTree = "<group>"; };
		CA178EA89015430E9475246A /* AZPicker.swift */ = {isa = PBXFileReference; lastKnownFileType = sourcecode.swift; path = AZPicker.swift; sourceTree = "<group>"; };
		CAF54A44CEADADFC65FDBAD3 /* View+ScalableTitle.swift */ = {isa = PBXFileReference; lastKnownFileType = sourcecode.swift; path = "View+ScalableTitle.swift"; sourceTree = "<group>"; };
		CD200E4118B69C27C6ACFF66 /* EfficiencyTests.swift */ = {isa = PBXFileReference; lastKnownFileType = sourcecode.swift; path = EfficiencyTests.swift; sourceTree = "<group>"; };
		CFF683BC004CBBE9C7F926E1 /* DatabaseErrorView.swift */ = {isa = PBXFileReference; lastKnownFileType = sourcecode.swift; path = DatabaseErrorView.swift; sourceTree = "<group>"; };
		D127ACB4C390D17DB98D1E2F /* MigratingFromCoreData.swift */ = {isa = PBXFileReference; lastKnownFileType = sourcecode.swift; path = MigratingFromCoreData.swift; sourceTree = "<group>"; };
		D20B695C15EBA3F55E1A8ADD /* E6part.swift */ = {isa = PBXFileReference; lastKnownFileType = sourcecode.swift; path = E6part.swift; sourceTree = "<group>"; };
		D3C07E97473C540F8332E99C /* DeleteConfirmationDialog.swift */ = {isa = PBXFileReference; lastKnownFileType = sourcecode.swift; path = DeleteConfirmationDialog.swift; sourceTree = "<group>"; };
		D8A936F652BF446C49ED5943 /* ja */ = {isa = PBXFileReference; lastKnownFileType = text.plist.strings; name = ja; path = ja.lproj/InfoPlist.strings; sourceTree = "<group>"; };
		DF745C1BEF4D1C4EEAE12F2C /* RecordListView.swift */ = {isa = PBXFileReference; lastKnownFileType = sourcecode.swift; path = RecordListView.swift; sourceTree = "<group>"; };
		E82EA1E06EBE54AF30FD2DC5 /* AboutView.swift */ = {isa = PBXFileReference; lastKnownFileType = sourcecode.swift; path = AboutView.swift; sourceTree = "<group>"; };
		EAA49602802C85CF0694C252 /* MemoEditor.swift */ = {isa = PBXFileReference; lastKnownFileType = sourcecode.swift; path = MemoEditor.swift; sourceTree = "<group>"; };
		ECCD2D0A2970772B20DB0914 /* JSONRoundTripTests.swift */ = {isa = PBXFileReference; lastKnownFileType = sourcecode.swift; path = JSONRoundTripTests.swift; sourceTree = "<group>"; };
		F48F8A016BBBC86AC36E7B1D /* StackedDateView.swift */ = {isa = PBXFileReference; lastKnownFileType = sourcecode.swift; path = StackedDateView.swift; sourceTree = "<group>"; };
		F498D50B45D6B41AE4DCFEFE /* BankServiceTests.swift */ = {isa = PBXFileReference; lastKnownFileType = sourcecode.swift; path = BankServiceTests.swift; sourceTree = "<group>"; };
/* End PBXFileReference section */

/* Begin PBXFrameworksBuildPhase section */
		FFB5F74961007A8352BFE474 /* Frameworks */ = {
			isa = PBXFrameworksBuildPhase;
			buildActionMask = 2147483647;
			files = (
				944D5868F5F201541219F824 /* FirebaseAnalytics in Frameworks */,
				AFDE60DFFA13542F7986A918 /* FirebaseCore in Frameworks */,
				FFEE3A7F76E38C68D5244BB4 /* FirebaseCrashlytics in Frameworks */,
				C3ECE81CD3F9F2D58DE2CC00 /* GoogleMobileAds in Frameworks */,
			);
			runOnlyForDeploymentPostprocessing = 0;
		};
/* End PBXFrameworksBuildPhase section */

/* Begin PBXGroup section */
		146BD2A9DE5C8A2E7F221C47 /* Tag */ = {
			isa = PBXGroup;
			children = (
				2B269CB3C585AFDC4DA71056 /* TagEditView.swift */,
				1E71F0C785033CF38A844ABF /* TagListView.swift */,
			);
			path = Tag;
			sourceTree = "<group>";
		};
		185F173D4FD7DC1E5B8713DE = {
			isa = PBXGroup;
			children = (
				5BF6F9312390400A2350360E /* CreditMemo */,
				B1B8F7CE5AD29AEF9D48FF19 /* CreditMemoTests */,
				B4117C93253BD81B36EE73A0 /* CreditMemoUITests */,
				A1DF769F7DAAA97AC0EDD876 /* Products */,
			);
			sourceTree = "<group>";
		};
		27B80AF0B3DD59A38243FAD8 /* SplitPay */ = {
			isa = PBXGroup;
			children = (
				C1EC73DA35378F10AD112E8D /* SplitPayListView.swift */,
			);
			path = SplitPay;
			sourceTree = "<group>";
		};
		2F0B9D0FAF7314B2D51A7994 /* Services */ = {
			isa = PBXGroup;
			children = (
				9044A25C74B795659D5ADC7C /* AppTelemetry.swift */,
				B616AD7BE55B29AF478E7561 /* BankService.swift */,
				4DD6EAEA18D767489D665119 /* BillingService.swift */,
				72788E5488290A29CA71090E /* CardService.swift */,
				6C1C635AC11E4524E3AD89F6 /* JapaneseNumberParser.swift */,
				39680E79E78962E42EC48964 /* RecordService.swift */,
				45FD60D0935D72F339EF9D01 /* SpeechRecognizer.swift */,
				70FC5B0D17B0797544470BF3 /* VoiceAliasStore.swift */,
				58EF66A3C5B978615B8A82C5 /* VoiceInputParser.swift */,
			);
			path = Services;
			sourceTree = "<group>";
		};
		35DE13C98ECBEC6FCA60AE15 /* Top */ = {
			isa = PBXGroup;
			children = (
				7E6A944447240090650C9389 /* TopMenuView.swift */,
			);
			path = Top;
			sourceTree = "<group>";
		};
		3AD36C2BCD098E75754B4666 /* Payment */ = {
			isa = PBXGroup;
			children = (
				0CEE181027B6CB737447AA76 /* PaymentListView.swift */,
			);
			path = Payment;
			sourceTree = "<group>";
		};
		3FFE342F67D86383D6886D77 /* Extensions */ = {
			isa = PBXGroup;
			children = (
				01B3F7E694D7E8D501DF3373 /* Decimal+Rounding.swift */,
				CAF54A44CEADADFC65FDBAD3 /* View+ScalableTitle.swift */,
				3C053BDC87890D906BAADAF2 /* View+TextTrimming.swift */,
			);
			path = Extensions;
			sourceTree = "<group>";
		};
		45517B0520FF7F0CDA12D780 /* Components */ = {
			isa = PBXGroup;
			children = (
				5FE37CABED896291520FB8EB /* AppIconBadge.swift */,
				CA178EA89015430E9475246A /* AZPicker.swift */,
				153FF51EDC8FCECE2616F96E /* BeginnerHintView.swift */,
				D3C07E97473C540F8332E99C /* DeleteConfirmationDialog.swift */,
				2B5525175B4413CA409A0F10 /* EditShortcutCapsuleButton.swift */,
				8FDD4CD355D75585FDEE5295 /* InlineAdBanner.swift */,
				066A1D4A637608B10B9ACE11 /* JapaneseHoliday.swift */,
				EAA49602802C85CF0694C252 /* MemoEditor.swift */,
				B3B327395C4A25F4B6CD7887 /* NumericKeypadView.swift */,
				F48F8A016BBBC86AC36E7B1D /* StackedDateView.swift */,
			);
			path = Components;
			sourceTree = "<group>";
		};
		475EAC6787098C3F019BF9A0 /* Models */ = {
			isa = PBXGroup;
			children = (
				4482D69C1DA750651B62429D /* E1card.swift */,
				4386E243FDA2F0FDB8480896 /* E2invoice.swift */,
				67ABE54EC8466228BE4DE70A /* E3record.swift */,
				4C00CCDC4223E9CDC40366B8 /* E5tag.swift */,
				D20B695C15EBA3F55E1A8ADD /* E6part.swift */,
				76D21F17706F376DFE84542C /* E7payment.swift */,
				B3D0DA9E8CA885EBFC0C4D17 /* E8bank.swift */,
			);
			path = Models;
			sourceTree = "<group>";
		};
		4B9050DEE850A35A90A45325 /* Invoice */ = {
			isa = PBXGroup;
			children = (
				8EB273959666B4C22DBD5D42 /* InvoiceListView.swift */,
			);
			path = Invoice;
			sourceTree = "<group>";
		};
		5BF6F9312390400A2350360E /* CreditMemo */ = {
			isa = PBXGroup;
			children = (
				CDC13F6AF055377C3C8B28A2 /* App */,
				45517B0520FF7F0CDA12D780 /* Components */,
				880745D37D3B9D4F2789FFDA /* Core */,
				AD63D16D893774FC759121AC /* Features */,
				B429E5BF5A3F083587B47CB2 /* Resources */,
			);
			path = CreditMemo;
			sourceTree = "<group>";
		};
		7ED1EA37FCB15E45FF362752 /* Bank */ = {
			isa = PBXGroup;
			children = (
				2F2D20566B6B6A969C9A7005 /* BankEditView.swift */,
				38252B47BFCE679ACFEF75B9 /* BankListView.swift */,
			);
			path = Bank;
			sourceTree = "<group>";
		};
		880745D37D3B9D4F2789FFDA /* Core */ = {
			isa = PBXGroup;
			children = (
				09BFB4B8AABE675A9B5E6437 /* AppSettings.swift */,
				49BE39FD14A6A091483BBCE1 /* Log.swift */,
				D66BF8695C37BFA7B971AB4C /* Export */,
				3FFE342F67D86383D6886D77 /* Extensions */,
				BBAA2129C68E8E946155484A /* Import */,
				F03E5A0BA2511114C1D71596 /* Migration */,
				475EAC6787098C3F019BF9A0 /* Models */,
				2F0B9D0FAF7314B2D51A7994 /* Services */,
				B4C67B45BA20475CCE24B42E /* Theme */,
			);
			path = Core;
			sourceTree = "<group>";
		};
		A1DF769F7DAAA97AC0EDD876 /* Products */ = {
			isa = PBXGroup;
			children = (
				49056290EB088E9A7E504593 /* CreditMemo.app */,
				A937956A86C09FE8FD865854 /* CreditMemoTests.xctest */,
				57D1FC514A6A4F681C9A78C4 /* CreditMemoUITests.xctest */,
			);
			name = Products;
			sourceTree = "<group>";
		};
		A9103C50143B2FD8A76136E1 /* Record */ = {
			isa = PBXGroup;
			children = (
				23C545A0AA68DFAEA4F19707 /* RecordEditView.swift */,
				DF745C1BEF4D1C4EEAE12F2C /* RecordListView.swift */,
				0F4438EF65854BFAEDCDC001 /* VoiceInputSheet.swift */,
			);
			path = Record;
			sourceTree = "<group>";
		};
		AAFE1EF9BABFFA7DB8A41333 /* About */ = {
			isa = PBXGroup;
			children = (
				E82EA1E06EBE54AF30FD2DC5 /* AboutView.swift */,
			);
			path = About;
			sourceTree = "<group>";
		};
		AD63D16D893774FC759121AC /* Features */ = {
			isa = PBXGroup;
			children = (
				AAFE1EF9BABFFA7DB8A41333 /* About */,
				7ED1EA37FCB15E45FF362752 /* Bank */,
				D84636D754D0C1737BE07B5C /* Card */,
				4B9050DEE850A35A90A45325 /* Invoice */,
				3AD36C2BCD098E75754B4666 /* Payment */,
				A9103C50143B2FD8A76136E1 /* Record */,
				DA1177191CEC3B75E7C96BCE /* Settings */,
				27B80AF0B3DD59A38243FAD8 /* SplitPay */,
				146BD2A9DE5C8A2E7F221C47 /* Tag */,
				35DE13C98ECBEC6FCA60AE15 /* Top */,
			);
			path = Features;
			sourceTree = "<group>";
		};
		B1B8F7CE5AD29AEF9D48FF19 /* CreditMemoTests */ = {
			isa = PBXGroup;
			children = (
				F498D50B45D6B41AE4DCFEFE /* BankServiceTests.swift */,
				C88CDBC613768DE5DDC3EA8E /* CardServiceTests.swift */,
				3553813CA37743BC2FFA0EA2 /* CreditMemoTests.swift */,
				431B54A6565A934B9B9B82ED /* DataIntegrityTests.swift */,
				CD200E4118B69C27C6ACFF66 /* EfficiencyTests.swift */,
				ECCD2D0A2970772B20DB0914 /* JSONRoundTripTests.swift */,
				8895CB3BACA967062F27A4B1 /* RobustnessTests.swift */,
				CFA602C1C12E74789D2D7737 /* Support */,
			);
			path = CreditMemoTests;
			sourceTree = "<group>";
		};
		B4117C93253BD81B36EE73A0 /* CreditMemoUITests */ = {
			isa = PBXGroup;
			children = (
				133E0C4CBAC9BFEDE5100A9B /* CreditMemoUITests.swift */,
			);
			path = CreditMemoUITests;
			sourceTree = "<group>";
		};
		B429E5BF5A3F083587B47CB2 /* Resources */ = {
			isa = PBXGroup;
			children = (
				7F35C17C97FDF2FF8C34B724 /* Assets.xcassets */,
				6E07242C077E7E3F4A5A6DC1 /* GoogleService-Info.plist */,
				9CB143A74E1BB29E32FB73B7 /* Info.plist */,
				602A03CE241526FB5DD4ACEE /* Localizable.xcstrings */,
				1B71572A88294C63D7A11A9B /* PrivacyInfo.xcprivacy */,
				BA66C838013D04C691024321 /* InfoPlist.strings */,
			);
			path = Resources;
			sourceTree = "<group>";
		};
		B4C67B45BA20475CCE24B42E /* Theme */ = {
			isa = PBXGroup;
			children = (
				47366704A20E38D94F226911 /* AppIconSync.swift */,
				1DA286F2C7B10995E187EFA3 /* BadgeTheme.swift */,
			);
			path = Theme;
			sourceTree = "<group>";
		};
		BBAA2129C68E8E946155484A /* Import */ = {
			isa = PBXGroup;
			children = (
				407D0BA345D635E38B397924 /* JSONImport.swift */,
			);
			path = Import;
			sourceTree = "<group>";
		};
		CDC13F6AF055377C3C8B28A2 /* App */ = {
			isa = PBXGroup;
			children = (
				78E99204D83195521118BC88 /* AppMain.swift */,
				4279F3D063EAE2F478A21E30 /* AppModelContainerFactory.swift */,
				0F31FFBE3C2AF6AC4E9573AF /* Config.swift */,
				1935E6D280054C63A707C90D /* ContentView.swift */,
				29E33C50E178E8D7E1F4833C /* CreditMemoAppShortcuts.swift */,
				CFF683BC004CBBE9C7F926E1 /* DatabaseErrorView.swift */,
			);
			path = App;
			sourceTree = "<group>";
		};
		CFA602C1C12E74789D2D7737 /* Support */ = {
			isa = PBXGroup;
			children = (
				C39F94DB2FEA974000873586 /* TestEnvironment.swift */,
				92285F000E6AEFF8979BCA79 /* TestFixtures.swift */,
				8574C59269C2D9481FB34C03 /* TestStore.swift */,
			);
			path = Support;
			sourceTree = "<group>";
		};
		D66BF8695C37BFA7B971AB4C /* Export */ = {
			isa = PBXGroup;
			children = (
				4D32984FA64D225EB42CC1A4 /* JSONExport.swift */,
			);
			path = Export;
			sourceTree = "<group>";
		};
		D84636D754D0C1737BE07B5C /* Card */ = {
			isa = PBXGroup;
			children = (
				210A57F3FC6A8D3E5DC7D57F /* CardEditView.swift */,
				8E29C0FEC796073B0464861C /* CardInvoiceListView.swift */,
				387C9119326A557E0FB677C4 /* CardListView.swift */,
			);
			path = Card;
			sourceTree = "<group>";
		};
		DA1177191CEC3B75E7C96BCE /* Settings */ = {
			isa = PBXGroup;
			children = (
				492CE3FDB97CAB6B5ECFF518 /* DisplayBadgeColorSheet.swift */,
				1E89A981AB58003103783479 /* SettingsView.swift */,
			);
			path = Settings;
			sourceTree = "<group>";
		};
		F03E5A0BA2511114C1D71596 /* Migration */ = {
			isa = PBXGroup;
			children = (
				D127ACB4C390D17DB98D1E2F /* MigratingFromCoreData.swift */,
				237756290C4AEA260941E33C /* SeedData.swift */,
			);
			path = Migration;
			sourceTree = "<group>";
		};
/* End PBXGroup section */

/* Begin PBXNativeTarget section */
		476BF29E563FFF97615D6381 /* CreditMemo */ = {
			isa = PBXNativeTarget;
			buildConfigurationList = 5695F143FA457FDB7C615928 /* Build configuration list for PBXNativeTarget "CreditMemo" */;
			buildPhases = (
				B1C758852E76828C085B2AA0 /* Sources */,
				F50D653EDFA9FBA90AC154B6 /* Resources */,
				FFB5F74961007A8352BFE474 /* Frameworks */,
			);
			buildRules = (
			);
			dependencies = (
			);
			name = CreditMemo;
			packageProductDependencies = (
				5FB5387FBCDAB409520EDE10 /* FirebaseAnalytics */,
				D851E8C28923655FADFF542E /* FirebaseCore */,
				32A6FB07760538C5D387A315 /* FirebaseCrashlytics */,
				89E194455AE3BC909B357E64 /* GoogleMobileAds */,
			);
			productName = CreditMemo;
			productReference = 49056290EB088E9A7E504593 /* CreditMemo.app */;
			productType = "com.apple.product-type.application";
		};
		A0820EB30EACC0FB3D5FF45F /* CreditMemoUITests */ = {
			isa = PBXNativeTarget;
			buildConfigurationList = E6C3DE4EB3F8C22491490D9B /* Build configuration list for PBXNativeTarget "CreditMemoUITests" */;
			buildPhases = (
				265D8EFD653788259FECA99A /* Sources */,
			);
			buildRules = (
			);
			dependencies = (
				E4D58309540014DA5A0B37FD /* PBXTargetDependency */,
			);
			name = CreditMemoUITests;
			packageProductDependencies = (
			);
			productName = CreditMemoUITests;
			productReference = 57D1FC514A6A4F681C9A78C4 /* CreditMemoUITests.xctest */;
			productType = "com.apple.product-type.bundle.ui-testing";
		};
		B1534378F67F2DFB9CED0693 /* CreditMemoTests */ = {
			isa = PBXNativeTarget;
			buildConfigurationList = 061D752FA9DDE0953D3AD61D /* Build configuration list for PBXNativeTarget "CreditMemoTests" */;
			buildPhases = (
				702DA4B3EFD17F03FB47E7FA /* Sources */,
			);
			buildRules = (
			);
			dependencies = (
				FF015F7B16D4293124C10507 /* PBXTargetDependency */,
			);
			name = CreditMemoTests;
			packageProductDependencies = (
			);
			productName = CreditMemoTests;
			productReference = A937956A86C09FE8FD865854 /* CreditMemoTests.xctest */;
			productType = "com.apple.product-type.bundle.unit-test";
		};
/* End PBXNativeTarget section */

/* Begin PBXProject section */
		AEA864EDA9E7AA65234684AC /* Project object */ = {
			isa = PBXProject;
			attributes = {
				BuildIndependentTargetsInParallel = YES;
				LastUpgradeCheck = 1600;
				TargetAttributes = {
					476BF29E563FFF97615D6381 = {
						DevelopmentTeam = 5C2UYK6F45;
					};
					A0820EB30EACC0FB3D5FF45F = {
						DevelopmentTeam = 5C2UYK6F45;
						TestTargetID = 476BF29E563FFF97615D6381;
					};
					B1534378F67F2DFB9CED0693 = {
						DevelopmentTeam = 5C2UYK6F45;
					};
				};
			};
			buildConfigurationList = BD577814C83832FC39A8406C /* Build configuration list for PBXProject "CreditMemo" */;
			developmentRegion = en;
			hasScannedForEncodings = 0;
			knownRegions = (
				Base,
				en,
				ja,
				de,
				"zh-Hans",
			);
			mainGroup = 185F173D4FD7DC1E5B8713DE;
			minimizedProjectReferenceProxies = 1;
			packageReferences = (
				7B585BDF25649CDB2CA8DCA4 /* XCRemoteSwiftPackageReference "firebase-ios-sdk" */,
				DBBD1FE32D5C78DDB536AF82 /* XCRemoteSwiftPackageReference "swift-package-manager-google-mobile-ads" */,
			);
			preferredProjectObjectVersion = 77;
			productRefGroup = A1DF769F7DAAA97AC0EDD876 /* Products */;
			projectDirPath = "";
			projectRoot = "";
			targets = (
				476BF29E563FFF97615D6381 /* CreditMemo */,
				B1534378F67F2DFB9CED0693 /* CreditMemoTests */,
				A0820EB30EACC0FB3D5FF45F /* CreditMemoUITests */,
			);
		};
/* End PBXProject section */

/* Begin PBXResourcesBuildPhase section */
		F50D653EDFA9FBA90AC154B6 /* Resources */ = {
			isa = PBXResourcesBuildPhase;
			buildActionMask = 2147483647;
			files = (
				94062571E16B89E6999B12C3 /* Assets.xcassets in Resources */,
				72B84902522A0C132F43DC6B /* GoogleService-Info.plist in Resources */,
				9A98D920B110ECA3DA6A85BE /* InfoPlist.strings in Resources */,
				8B0A29D4F513B9C017942767 /* Localizable.xcstrings in Resources */,
				62FB81E4E5AD62FB3391CBE8 /* PrivacyInfo.xcprivacy in Resources */,
			);
			runOnlyForDeploymentPostprocessing = 0;
		};
/* End PBXResourcesBuildPhase section */

/* Begin PBXSourcesBuildPhase section */
		265D8EFD653788259FECA99A /* Sources */ = {
			isa = PBXSourcesBuildPhase;
			buildActionMask = 2147483647;
			files = (
				686327082DD6668EAB63B656 /* CreditMemoUITests.swift in Sources */,
			);
			runOnlyForDeploymentPostprocessing = 0;
		};
		702DA4B3EFD17F03FB47E7FA /* Sources */ = {
			isa = PBXSourcesBuildPhase;
			buildActionMask = 2147483647;
			files = (
				6AEF2FECDB743E7E193152D5 /* BankServiceTests.swift in Sources */,
				ADBDCC132EEDEE2C5D666790 /* CardServiceTests.swift in Sources */,
				2F928C471CA14771E557763A /* CreditMemoTests.swift in Sources */,
				C39F94DC2FEA974000873586 /* TestEnvironment.swift in Sources */,
				CBCAE2CD6CA8CA94D630AE2D /* DataIntegrityTests.swift in Sources */,
				1379AF56C15CDD90134180AD /* EfficiencyTests.swift in Sources */,
				D8E2B639AC10635DDF19B901 /* JSONRoundTripTests.swift in Sources */,
				02AB06D4060EB7689B7A479D /* RobustnessTests.swift in Sources */,
				C67472FB132A9A7D1B368742 /* TestFixtures.swift in Sources */,
				706E1FF4B34983748DA77BF0 /* TestStore.swift in Sources */,
			);
			runOnlyForDeploymentPostprocessing = 0;
		};
		B1C758852E76828C085B2AA0 /* Sources */ = {
			isa = PBXSourcesBuildPhase;
			buildActionMask = 2147483647;
			files = (
				EF6B7ECED42F1514A7B8A859 /* AZPicker.swift in Sources */,
				9E4800A2A5B4E61ECD3844B4 /* AboutView.swift in Sources */,
				017A83D333DD09083C8EDD27 /* AppIconBadge.swift in Sources */,
				F28F1CA1ADB2AA1EDF09E5C3 /* AppIconSync.swift in Sources */,
				90A8E4256261EC97285DCEFF /* AppMain.swift in Sources */,
				25422DB9D54BFAFA89B8A228 /* AppModelContainerFactory.swift in Sources */,
				DD4A2D78F99EDE62A029CBAD /* AppSettings.swift in Sources */,
				7D07E95B78B2085487FE8497 /* AppTelemetry.swift in Sources */,
				60002A5160D1170F294F63D0 /* BadgeTheme.swift in Sources */,
				E2395D8FE4611E44D282731C /* BankEditView.swift in Sources */,
				1CFD6E20E4F7E6463AD27B34 /* BankListView.swift in Sources */,
				514C30B02763B8BE3E152939 /* BankService.swift in Sources */,
				15F18C229082CD2FB7434859 /* BeginnerHintView.swift in Sources */,
				4532AF95BE4A47E867CE516D /* BillingService.swift in Sources */,
				3A94A0D1393BEDF79B6D17C4 /* CardEditView.swift in Sources */,
				4393D3D380B4730E57BCCE28 /* CardInvoiceListView.swift in Sources */,
				5ABFD4125BF10DFB36E15FD5 /* CardListView.swift in Sources */,
				FD5A531276F43BC69938EB01 /* CardService.swift in Sources */,
				115949E51A119EB5FC077C2B /* Config.swift in Sources */,
				97A5729E478A00F67C9EA78F /* ContentView.swift in Sources */,
				CB347119418DF6214DF72D89 /* CreditMemoAppShortcuts.swift in Sources */,
				4D6DC7B47BCF6767F32D73E8 /* DatabaseErrorView.swift in Sources */,
				1D5D4B001867ECF9E4AD88F8 /* Decimal+Rounding.swift in Sources */,
				2323CBFF55A3E7B5E292BA21 /* DeleteConfirmationDialog.swift in Sources */,
				93F9E0ADD51546AD4E3C6DFC /* DisplayBadgeColorSheet.swift in Sources */,
				175929FB15A49EA91AE70F77 /* E1card.swift in Sources */,
				E00015D7A0D0BD4FF41F1C71 /* E2invoice.swift in Sources */,
				8B189EB1DD4E837FBC274875 /* E3record.swift in Sources */,
				AC663E8AEC4A54D0066A1A65 /* E5tag.swift in Sources */,
				32E3D613D2F1FF39A04FE068 /* E6part.swift in Sources */,
				D20DBAA51AF6B3F7BAB4C23B /* E7payment.swift in Sources */,
				C58ECF80C7B49E11A258D0F1 /* E8bank.swift in Sources */,
				C3B88D7C752156C24F085A6E /* EditShortcutCapsuleButton.swift in Sources */,
				168DD0AEC579C49AFCA27A1E /* InlineAdBanner.swift in Sources */,
				D3FACDAE4302014FB7AEB7F2 /* InvoiceListView.swift in Sources */,
				BC76FD63B00A75AE72C028BB /* JSONExport.swift in Sources */,
				A2C6C4471B13CA1FFEA16582 /* JSONImport.swift in Sources */,
				C57ADA9A2E61C90333FC31CF /* JapaneseHoliday.swift in Sources */,
				FD61AB6027E2F30B34DC8C9C /* JapaneseNumberParser.swift in Sources */,
				78C2E0705216F23800622B59 /* Log.swift in Sources */,
				902C42C086CA9363E507DFF9 /* MemoEditor.swift in Sources */,
				B75EEE3CAEB7AB78F2CB5681 /* MigratingFromCoreData.swift in Sources */,
				EC7B11911F3CD1B4A50543B2 /* NumericKeypadView.swift in Sources */,
				FB7BA447A10C45AE80CA3130 /* PaymentListView.swift in Sources */,
				E8E0D6B0E3F5274B2A4180D5 /* RecordEditView.swift in Sources */,
				197532E37B0BC4594D7FB1A7 /* RecordListView.swift in Sources */,
				80D279BFCB634C1151B52D50 /* RecordService.swift in Sources */,
				B6BAE760C68C7B5B027B6C6E /* SeedData.swift in Sources */,
				DAEFEE0ED3BBCD55A3A32AA5 /* SettingsView.swift in Sources */,
				31184421B4308E7DC6E782F4 /* SpeechRecognizer.swift in Sources */,
				688E5308869B66024C5B269E /* SplitPayListView.swift in Sources */,
				AA30126A233F09D158C2365E /* StackedDateView.swift in Sources */,
				18C3F77C032A4F878874896A /* TagEditView.swift in Sources */,
				7B0A7F72AB3BF4E6512ABD17 /* TagListView.swift in Sources */,
				DD768D8964C9375078442DCC /* TopMenuView.swift in Sources */,
				C3196B1E74525FBA26098A1C /* View+ScalableTitle.swift in Sources */,
				E68DAEB05C008A11D412E30C /* View+TextTrimming.swift in Sources */,
				2CEAD5775CCE1CC67DDA29A4 /* VoiceAliasStore.swift in Sources */,
				9A7D38A16B4760CFA5A9F4EE /* VoiceInputParser.swift in Sources */,
				B28D4A65D34271280626AE5E /* VoiceInputSheet.swift in Sources */,
			);
			runOnlyForDeploymentPostprocessing = 0;
		};
/* End PBXSourcesBuildPhase section */

/* Begin PBXTargetDependency section */
		E4D58309540014DA5A0B37FD /* PBXTargetDependency */ = {
			isa = PBXTargetDependency;
			target = 476BF29E563FFF97615D6381 /* CreditMemo */;
			targetProxy = D1845CD60E19D08FE40660D9 /* PBXContainerItemProxy */;
		};
		FF015F7B16D4293124C10507 /* PBXTargetDependency */ = {
			isa = PBXTargetDependency;
			target = 476BF29E563FFF97615D6381 /* CreditMemo */;
			targetProxy = BC302AA3BA245068C811CAAE /* PBXContainerItemProxy */;
		};
/* End PBXTargetDependency section */

/* Begin PBXVariantGroup section */
		BA66C838013D04C691024321 /* InfoPlist.strings */ = {
			isa = PBXVariantGroup;
			children = (
				4B1CBBA89C1E97AD2D0E61F7 /* en */,
				D8A936F652BF446C49ED5943 /* ja */,
			);
			name = InfoPlist.strings;
			sourceTree = "<group>";
		};
/* End PBXVariantGroup section */

/* Begin XCBuildConfiguration section */
		36B148AE37B90913B84A421A /* Release */ = {
			isa = XCBuildConfiguration;
			buildSettings = {
				BUNDLE_LOADER = "$(TEST_HOST)";
				GENERATE_INFOPLIST_FILE = YES;
				LD_RUNPATH_SEARCH_PATHS = (
					"$(inherited)",
					"@executable_path/Frameworks",
					"@loader_path/Frameworks",
				);
				PRODUCT_BUNDLE_IDENTIFIER = com.azukid.CreditMemoUITests;
				SDKROOT = iphoneos;
				TARGETED_DEVICE_FAMILY = "1,2";
				TEST_TARGET_NAME = CreditMemo;
			};
			name = Release;
		};
		3E8AC3305F32624A1058348E /* Debug */ = {
			isa = XCBuildConfiguration;
			buildSettings = {
				ASSETCATALOG_COMPILER_ALTERNATE_APPICON_NAMES = "AppIcon-french AppIcon-monoBlue AppIcon-sunset AppIcon-chic AppIcon-candy AppIcon-ocean AppIcon-forest AppIcon-mono AppIcon-pastel AppIcon-berry AppIcon-lagoon";
				ASSETCATALOG_COMPILER_APPICON_NAME = AppIcon;
				CODE_SIGN_IDENTITY = "iPhone Developer";
				CURRENT_PROJECT_VERSION = 0;
				INFOPLIST_FILE = CreditMemo/Resources/Info.plist;
				INFOPLIST_KEY_CFBundleDisplayName = CrediMemo;
				INFOPLIST_KEY_LSApplicationCategoryType = "public.app-category.finance";
				IPHONEOS_DEPLOYMENT_TARGET = 18.0;
				LD_RUNPATH_SEARCH_PATHS = (
					"$(inherited)",
					"@executable_path/Frameworks",
				);
				MARKETING_VERSION = 2.4.3;
				PRODUCT_BUNDLE_IDENTIFIER = com.azukid.AzCreditS1;
				SDKROOT = iphoneos;
				SWIFT_ACTIVE_COMPILATION_CONDITIONS = DEBUG;
				SWIFT_STRICT_CONCURRENCY = complete;
				SWIFT_VERSION = 6.0;
				TARGETED_DEVICE_FAMILY = "1,2";
			};
			name = Debug;
		};
		9170118F97F8F8E3336D0DEF /* Debug */ = {
			isa = XCBuildConfiguration;
			buildSettings = {
				BUNDLE_LOADER = "$(TEST_HOST)";
				GENERATE_INFOPLIST_FILE = YES;
				LD_RUNPATH_SEARCH_PATHS = (
					"$(inherited)",
					"@executable_path/Frameworks",
					"@loader_path/Frameworks",
				);
				PRODUCT_BUNDLE_IDENTIFIER = com.azukid.CreditMemoTests;
				SDKROOT = iphoneos;
				TARGETED_DEVICE_FAMILY = "1,2";
				TEST_HOST = "$(BUILT_PRODUCTS_DIR)/CreditMemo.app/$(BUNDLE_EXECUTABLE_FOLDER_PATH)/CreditMemo";
			};
			name = Debug;
		};
		AA147E4A45AB44BC3AF7CD2F /* Release */ = {
			isa = XCBuildConfiguration;
			buildSettings = {
				ALWAYS_SEARCH_USER_PATHS = NO;
				CLANG_ANALYZER_NONNULL = YES;
				CLANG_ANALYZER_NUMBER_OBJECT_CONVERSION = YES_AGGRESSIVE;
				CLANG_CXX_LANGUAGE_STANDARD = "gnu++14";
				CLANG_CXX_LIBRARY = "libc++";
				CLANG_ENABLE_MODULES = YES;
				CLANG_ENABLE_OBJC_ARC = YES;
				CLANG_ENABLE_OBJC_WEAK = YES;
				CLANG_WARN_BLOCK_CAPTURE_AUTORELEASING = YES;
				CLANG_WARN_BOOL_CONVERSION = YES;
				CLANG_WARN_COMMA = YES;
				CLANG_WARN_CONSTANT_CONVERSION = YES;
				CLANG_WARN_DEPRECATED_OBJC_IMPLEMENTATIONS = YES;
				CLANG_WARN_DIRECT_OBJC_ISA_USAGE = YES_ERROR;
				CLANG_WARN_DOCUMENTATION_COMMENTS = YES;
				CLANG_WARN_EMPTY_BODY = YES;
				CLANG_WARN_ENUM_CONVERSION = YES;
				CLANG_WARN_INFINITE_RECURSION = YES;
				CLANG_WARN_INT_CONVERSION = YES;
				CLANG_WARN_NON_LITERAL_NULL_CONVERSION = YES;
				CLANG_WARN_OBJC_IMPLICIT_RETAIN_SELF = YES;
				CLANG_WARN_OBJC_LITERAL_CONVERSION = YES;
				CLANG_WARN_OBJC_ROOT_CLASS = YES_ERROR;
				CLANG_WARN_QUOTED_INCLUDE_IN_FRAMEWORK_HEADER = YES;
				CLANG_WARN_RANGE_LOOP_ANALYSIS = YES;
				CLANG_WARN_STRICT_PROTOTYPES = YES;
				CLANG_WARN_SUSPICIOUS_MOVE = YES;
				CLANG_WARN_UNGUARDED_AVAILABILITY = YES_AGGRESSIVE;
				CLANG_WARN_UNREACHABLE_CODE = YES;
				CLANG_WARN__DUPLICATE_METHOD_MATCH = YES;
				COPY_PHASE_STRIP = NO;
				DEBUG_INFORMATION_FORMAT = "dwarf-with-dsym";
				DEVELOPMENT_TEAM = 5C2UYK6F45;
				ENABLE_NS_ASSERTIONS = NO;
				ENABLE_STRICT_OBJC_MSGSEND = YES;
				ENABLE_USER_SCRIPT_SANDBOXING = YES;
				GCC_C_LANGUAGE_STANDARD = gnu11;
				GCC_NO_COMMON_BLOCKS = YES;
				GCC_WARN_64_TO_32_BIT_CONVERSION = YES;
				GCC_WARN_ABOUT_RETURN_TYPE = YES_ERROR;
				GCC_WARN_UNDECLARED_SELECTOR = YES;
				GCC_WARN_UNINITIALIZED_AUTOS = YES_AGGRESSIVE;
				GCC_WARN_UNUSED_FUNCTION = YES;
				GCC_WARN_UNUSED_VARIABLE = YES;
				IPHONEOS_DEPLOYMENT_TARGET = 18.0;
				MTL_ENABLE_DEBUG_INFO = NO;
				MTL_FAST_MATH = YES;
				PRODUCT_NAME = "$(TARGET_NAME)";
				SDKROOT = iphoneos;
				SWIFT_COMPILATION_MODE = wholemodule;
				SWIFT_OPTIMIZATION_LEVEL = "-O";
				SWIFT_STRICT_CONCURRENCY = complete;
				SWIFT_VERSION = 6.0;
				TARGETED_DEVICE_FAMILY = "1,2";
			};
			name = Release;
		};
		BEA0F27CCE7E120ECC10DD55 /* Debug */ = {
			isa = XCBuildConfiguration;
			buildSettings = {
				BUNDLE_LOADER = "$(TEST_HOST)";
				GENERATE_INFOPLIST_FILE = YES;
				LD_RUNPATH_SEARCH_PATHS = (
					"$(inherited)",
					"@executable_path/Frameworks",
					"@loader_path/Frameworks",
				);
				PRODUCT_BUNDLE_IDENTIFIER = com.azukid.CreditMemoUITests;
				SDKROOT = iphoneos;
				TARGETED_DEVICE_FAMILY = "1,2";
				TEST_TARGET_NAME = CreditMemo;
			};
			name = Debug;
		};
		CD8F663BA4E5FFA3730C8FA8 /* Release */ = {
			isa = XCBuildConfiguration;
			buildSettings = {
				BUNDLE_LOADER = "$(TEST_HOST)";
				GENERATE_INFOPLIST_FILE = YES;
				LD_RUNPATH_SEARCH_PATHS = (
					"$(inherited)",
					"@executable_path/Frameworks",
					"@loader_path/Frameworks",
				);
				PRODUCT_BUNDLE_IDENTIFIER = com.azukid.CreditMemoTests;
				SDKROOT = iphoneos;
				TARGETED_DEVICE_FAMILY = "1,2";
				TEST_HOST = "$(BUILT_PRODUCTS_DIR)/CreditMemo.app/$(BUNDLE_EXECUTABLE_FOLDER_PATH)/CreditMemo";
			};
			name = Release;
		};
		DD0647CE8BA74AD5E991616E /* Release */ = {
			isa = XCBuildConfiguration;
			buildSettings = {
				ASSETCATALOG_COMPILER_ALTERNATE_APPICON_NAMES = "AppIcon-french AppIcon-monoBlue AppIcon-sunset AppIcon-chic AppIcon-candy AppIcon-ocean AppIcon-forest AppIcon-mono AppIcon-pastel AppIcon-berry AppIcon-lagoon";
				ASSETCATALOG_COMPILER_APPICON_NAME = AppIcon;
				CODE_SIGN_IDENTITY = "iPhone Developer";
				CURRENT_PROJECT_VERSION = 0;
				INFOPLIST_FILE = CreditMemo/Resources/Info.plist;
				INFOPLIST_KEY_CFBundleDisplayName = CrediMemo;
				INFOPLIST_KEY_LSApplicationCategoryType = "public.app-category.finance";
				IPHONEOS_DEPLOYMENT_TARGET = 18.0;
				LD_RUNPATH_SEARCH_PATHS = (
					"$(inherited)",
					"@executable_path/Frameworks",
				);
				MARKETING_VERSION = 2.4.3;
				PRODUCT_BUNDLE_IDENTIFIER = com.azukid.AzCreditS1;
				SDKROOT = iphoneos;
				SWIFT_ACTIVE_COMPILATION_CONDITIONS = "";
				SWIFT_STRICT_CONCURRENCY = complete;
				SWIFT_VERSION = 6.0;
				TARGETED_DEVICE_FAMILY = "1,2";
			};
			name = Release;
		};
		E265A10F204B5C51B162F4F3 /* Debug */ = {
			isa = XCBuildConfiguration;
			buildSettings = {
				ALWAYS_SEARCH_USER_PATHS = NO;
				CLANG_ANALYZER_NONNULL = YES;
				CLANG_ANALYZER_NUMBER_OBJECT_CONVERSION = YES_AGGRESSIVE;
				CLANG_CXX_LANGUAGE_STANDARD = "gnu++14";
				CLANG_CXX_LIBRARY = "libc++";
				CLANG_ENABLE_MODULES = YES;
				CLANG_ENABLE_OBJC_ARC = YES;
				CLANG_ENABLE_OBJC_WEAK = YES;
				CLANG_WARN_BLOCK_CAPTURE_AUTORELEASING = YES;
				CLANG_WARN_BOOL_CONVERSION = YES;
				CLANG_WARN_COMMA = YES;
				CLANG_WARN_CONSTANT_CONVERSION = YES;
				CLANG_WARN_DEPRECATED_OBJC_IMPLEMENTATIONS = YES;
				CLANG_WARN_DIRECT_OBJC_ISA_USAGE = YES_ERROR;
				CLANG_WARN_DOCUMENTATION_COMMENTS = YES;
				CLANG_WARN_EMPTY_BODY = YES;
				CLANG_WARN_ENUM_CONVERSION = YES;
				CLANG_WARN_INFINITE_RECURSION = YES;
				CLANG_WARN_INT_CONVERSION = YES;
				CLANG_WARN_NON_LITERAL_NULL_CONVERSION = YES;
				CLANG_WARN_OBJC_IMPLICIT_RETAIN_SELF = YES;
				CLANG_WARN_OBJC_LITERAL_CONVERSION = YES;
				CLANG_WARN_OBJC_ROOT_CLASS = YES_ERROR;
				CLANG_WARN_QUOTED_INCLUDE_IN_FRAMEWORK_HEADER = YES;
				CLANG_WARN_RANGE_LOOP_ANALYSIS = YES;
				CLANG_WARN_STRICT_PROTOTYPES = YES;
				CLANG_WARN_SUSPICIOUS_MOVE = YES;
				CLANG_WARN_UNGUARDED_AVAILABILITY = YES_AGGRESSIVE;
				CLANG_WARN_UNREACHABLE_CODE = YES;
				CLANG_WARN__DUPLICATE_METHOD_MATCH = YES;
				COPY_PHASE_STRIP = NO;
				DEBUG_INFORMATION_FORMAT = dwarf;
				DEVELOPMENT_TEAM = 5C2UYK6F45;
				ENABLE_STRICT_OBJC_MSGSEND = YES;
				ENABLE_TESTABILITY = YES;
				ENABLE_USER_SCRIPT_SANDBOXING = YES;
				GCC_C_LANGUAGE_STANDARD = gnu11;
				GCC_DYNAMIC_NO_PIC = NO;
				GCC_NO_COMMON_BLOCKS = YES;
				GCC_OPTIMIZATION_LEVEL = 0;
				GCC_PREPROCESSOR_DEFINITIONS = (
					"$(inherited)",
					"DEBUG=1",
				);
				GCC_WARN_64_TO_32_BIT_CONVERSION = YES;
				GCC_WARN_ABOUT_RETURN_TYPE = YES_ERROR;
				GCC_WARN_UNDECLARED_SELECTOR = YES;
				GCC_WARN_UNINITIALIZED_AUTOS = YES_AGGRESSIVE;
				GCC_WARN_UNUSED_FUNCTION = YES;
				GCC_WARN_UNUSED_VARIABLE = YES;
				IPHONEOS_DEPLOYMENT_TARGET = 18.0;
				MTL_ENABLE_DEBUG_INFO = INCLUDE_SOURCE;
				MTL_FAST_MATH = YES;
				ONLY_ACTIVE_ARCH = YES;
				PRODUCT_NAME = "$(TARGET_NAME)";
				SDKROOT = iphoneos;
				SWIFT_ACTIVE_COMPILATION_CONDITIONS = DEBUG;
				SWIFT_OPTIMIZATION_LEVEL = "-Onone";
				SWIFT_STRICT_CONCURRENCY = complete;
				SWIFT_VERSION = 6.0;
				TARGETED_DEVICE_FAMILY = "1,2";
			};
			name = Debug;
		};
/* End XCBuildConfiguration section */

/* Begin XCConfigurationList section */
		061D752FA9DDE0953D3AD61D /* Build configuration list for PBXNativeTarget "CreditMemoTests" */ = {
			isa = XCConfigurationList;
			buildConfigurations = (
				9170118F97F8F8E3336D0DEF /* Debug */,
				CD8F663BA4E5FFA3730C8FA8 /* Release */,
			);
			defaultConfigurationIsVisible = 0;
			defaultConfigurationName = Debug;
		};
		5695F143FA457FDB7C615928 /* Build configuration list for PBXNativeTarget "CreditMemo" */ = {
			isa = XCConfigurationList;
			buildConfigurations = (
				3E8AC3305F32624A1058348E /* Debug */,
				DD0647CE8BA74AD5E991616E /* Release */,
			);
			defaultConfigurationIsVisible = 0;
			defaultConfigurationName = Debug;
		};
		BD577814C83832FC39A8406C /* Build configuration list for PBXProject "CreditMemo" */ = {
			isa = XCConfigurationList;
			buildConfigurations = (
				E265A10F204B5C51B162F4F3 /* Debug */,
				AA147E4A45AB44BC3AF7CD2F /* Release */,
			);
			defaultConfigurationIsVisible = 0;
			defaultConfigurationName = Debug;
		};
		E6C3DE4EB3F8C22491490D9B /* Build configuration list for PBXNativeTarget "CreditMemoUITests" */ = {
			isa = XCConfigurationList;
			buildConfigurations = (
				BEA0F27CCE7E120ECC10DD55 /* Debug */,
				36B148AE37B90913B84A421A /* Release */,
			);
			defaultConfigurationIsVisible = 0;
			defaultConfigurationName = Debug;
		};
/* End XCConfigurationList section */

/* Begin XCRemoteSwiftPackageReference section */
		7B585BDF25649CDB2CA8DCA4 /* XCRemoteSwiftPackageReference "firebase-ios-sdk" */ = {
			isa = XCRemoteSwiftPackageReference;
			repositoryURL = "https://github.com/firebase/firebase-ios-sdk";
			requirement = {
				kind = versionRange;
				maximumVersion = 13.0.0;
				minimumVersion = 11.0.0;
			};
		};
		DBBD1FE32D5C78DDB536AF82 /* XCRemoteSwiftPackageReference "swift-package-manager-google-mobile-ads" */ = {
			isa = XCRemoteSwiftPackageReference;
			repositoryURL = "https://github.com/googleads/swift-package-manager-google-mobile-ads";
			requirement = {
				kind = versionRange;
				maximumVersion = 13.0.0;
				minimumVersion = 11.0.0;
			};
		};
/* End XCRemoteSwiftPackageReference section */

/* Begin XCSwiftPackageProductDependency section */
		32A6FB07760538C5D387A315 /* FirebaseCrashlytics */ = {
			isa = XCSwiftPackageProductDependency;
			package = 7B585BDF25649CDB2CA8DCA4 /* XCRemoteSwiftPackageReference "firebase-ios-sdk" */;
			productName = FirebaseCrashlytics;
		};
		5FB5387FBCDAB409520EDE10 /* FirebaseAnalytics */ = {
			isa = XCSwiftPackageProductDependency;
			package = 7B585BDF25649CDB2CA8DCA4 /* XCRemoteSwiftPackageReference "firebase-ios-sdk" */;
			productName = FirebaseAnalytics;
		};
		89E194455AE3BC909B357E64 /* GoogleMobileAds */ = {
			isa = XCSwiftPackageProductDependency;
			package = DBBD1FE32D5C78DDB536AF82 /* XCRemoteSwiftPackageReference "swift-package-manager-google-mobile-ads" */;
			productName = GoogleMobileAds;
		};
		D851E8C28923655FADFF542E /* FirebaseCore */ = {
			isa = XCSwiftPackageProductDependency;
			package = 7B585BDF25649CDB2CA8DCA4 /* XCRemoteSwiftPackageReference "firebase-ios-sdk" */;
			productName = FirebaseCore;
		};
/* End XCSwiftPackageProductDependency section */
	};
	rootObject = AEA864EDA9E7AA65234684AC /* Project object */;
}
